// !$*UTF8*$!
{
	archiveVersion = 1;
	classes = {
	};
	objectVersion = 77;
	objects = {

/* Begin PBXBuildFile section */
		583458732F184D490047DC5D /* SwiftASN1 in Frameworks */ = {isa = PBXBuildFile; productRef = 583458722F184D490047DC5D /* SwiftASN1 */; };
/* End PBXBuildFile section */

/* Begin PBXContainerItemProxy section */
		583452022F184C050047DC5D /* PBXContainerItemProxy */ = {
			isa = PBXContainerItemProxy;
			containerPortal = 583451EC2F184C040047DC5D /* Project object */;
			proxyType = 1;
			remoteGlobalIDString = 583451F32F184C040047DC5D;
			remoteInfo = ChatX509;
		};
		5834520C2F184C050047DC5D /* PBXContainerItemProxy */ = {
			isa = PBXContainerItemProxy;
			containerPortal = 583451EC2F184C040047DC5D /* Project object */;
			proxyType = 1;
			remoteGlobalIDString = 583451F32F184C040047DC5D;
			remoteInfo = ChatX509;
		};
/* End PBXContainerItemProxy section */

/* Begin PBXFileReference section */
		583451F42F184C040047DC5D /* ChatX509.app */ = {isa = PBXFileReference; explicitFileType = wrapper.application; includeInIndex = 0; path = ChatX509.app; sourceTree = BUILT_PRODUCTS_DIR; };
		583452012F184C050047DC5D /* ChatX509Tests.xctest */ = {isa = PBXFileReference; explicitFileType = wrapper.cfbundle; includeInIndex = 0; path = ChatX509Tests.xctest; sourceTree = BUILT_PRODUCTS_DIR; };
		5834520B2F184C050047DC5D /* ChatX509UITests.xctest */ = {isa = PBXFileReference; explicitFileType = wrapper.cfbundle; includeInIndex = 0; path = ChatX509UITests.xctest; sourceTree = BUILT_PRODUCTS_DIR; };
/* End PBXFileReference section */

/* Begin PBXFileSystemSynchronizedRootGroup section */
		583451F62F184C040047DC5D /* ChatX509 */ = {
			isa = PBXFileSystemSynchronizedRootGroup;
			path = ChatX509;
			sourceTree = "<group>";
		};
		583452042F184C050047DC5D /* ChatX509Tests */ = {
			isa = PBXFileSystemSynchronizedRootGroup;
			path = ChatX509Tests;
			sourceTree = "<group>";
		};
		5834520E2F184C050047DC5D /* ChatX509UITests */ = {
			isa = PBXFileSystemSynchronizedRootGroup;
			path = ChatX509UITests;
			sourceTree = "<group>";
		};
/* End PBXFileSystemSynchronizedRootGroup section */

/* Begin PBXFrameworksBuildPhase section */
		583451F12F184C040047DC5D /* Frameworks */ = {
			isa = PBXFrameworksBuildPhase;
			buildActionMask = 2147483647;
			files = (
				583458732F184D490047DC5D /* SwiftASN1 in Frameworks */,
			);
			runOnlyForDeploymentPostprocessing = 0;
		};
		583451FE2F184C050047DC5D /* Frameworks */ = {
			isa = PBXFrameworksBuildPhase;
			buildActionMask = 2147483647;
			files = (
			);
			runOnlyForDeploymentPostprocessing = 0;
		};
		583452082F184C050047DC5D /* Frameworks */ = {
			isa = PBXFrameworksBuildPhase;
			buildActionMask = 2147483647;
			files = (
			);
			runOnlyForDeploymentPostprocessing = 0;
		};
/* End PBXFrameworksBuildPhase section */

/* Begin PBXGroup section */
		583451EB2F184C040047DC5D = {
			isa = PBXGroup;
			children = (
				583451F62F184C040047DC5D /* ChatX509 */,
				583452042F184C050047DC5D /* ChatX509Tests */,
				5834520E2F184C050047DC5D /* ChatX509UITests */,
				583451F52F184C040047DC5D /* Products */,
			);
			sourceTree = "<group>";
		};
		583451F52F184C040047DC5D /* Products */ = {
			isa = PBXGroup;
			children = (
				583451F42F184C040047DC5D /* ChatX509.app */,
				583452012F184C050047DC5D /* ChatX509Tests.xctest */,
				5834520B2F184C050047DC5D /* ChatX509UITests.xctest */,
			);
			name = Products;
			sourceTree = "<group>";
		};
/* End PBXGroup section */

/* Begin PBXNativeTarget section */
		583451F32F184C040047DC5D /* ChatX509 */ = {
			isa = PBXNativeTarget;
			buildConfigurationList = 583452152F184C050047DC5D /* Build configuration list for PBXNativeTarget "ChatX509" */;
			buildPhases = (
				583451F02F184C040047DC5D /* Sources */,
				583451F12F184C040047DC5D /* Frameworks */,
				583451F22F184C040047DC5D /* Resources */,
			);
			buildRules = (
			);
			dependencies = (
			);
			fileSystemSynchronizedGroups = (
				583451F62F184C040047DC5D /* ChatX509 */,
			);
			name = ChatX509;
			packageProductDependencies = (
				583458722F184D490047DC5D /* SwiftASN1 */,
			);
			productName = ChatX509;
			productReference = 583451F42F184C040047DC5D /* ChatX509.app */;
			productType = "com.apple.product-type.application";
		};
		583452002F184C050047DC5D /* ChatX509Tests */ = {
			isa = PBXNativeTarget;
			buildConfigurationList = 583452182F184C050047DC5D /* Build configuration list for PBXNativeTarget "ChatX509Tests" */;
			buildPhases = (
				583451FD2F184C050047DC5D /* Sources */,
				583451FE2F184C050047DC5D /* Frameworks */,
				583451FF2F184C050047DC5D /* Resources */,
			);
			buildRules = (
			);
			dependencies = (
				583452032F184C050047DC5D /* PBXTargetDependency */,
			);
			fileSystemSynchronizedGroups = (
				583452042F184C050047DC5D /* ChatX509Tests */,
			);
			name = ChatX509Tests;
			packageProductDependencies = (
			);
			productName = ChatX509Tests;
			productReference = 583452012F184C050047DC5D /* ChatX509Tests.xctest */;
			productType = "com.apple.product-type.bundle.unit-test";
		};
		5834520A2F184C050047DC5D /* ChatX509UITests */ = {
			isa = PBXNativeTarget;
			buildConfigurationList = 5834521B2F184C050047DC5D /* Build configuration list for PBXNativeTarget "ChatX509UITests" */;
			buildPhases = (
				583452072F184C050047DC5D /* Sources */,
				583452082F184C050047DC5D /* Frameworks */,
				583452092F184C050047DC5D /* Resources */,
			);
			buildRules = (
			);
			dependencies = (
				5834520D2F184C050047DC5D /* PBXTargetDependency */,
			);
			fileSystemSynchronizedGroups = (
				5834520E2F184C050047DC5D /* ChatX509UITests */,
			);
			name = ChatX509UITests;
			packageProductDependencies = (
			);
			productName = ChatX509UITests;
			productReference = 5834520B2F184C050047DC5D /* ChatX509UITests.xctest */;
			productType = "com.apple.product-type.bundle.ui-testing";
		};
/* End PBXNativeTarget section */

/* Begin PBXProject section */
		583451EC2F184C040047DC5D /* Project object */ = {
			isa = PBXProject;
			attributes = {
				BuildIndependentTargetsInParallel = 1;
				LastSwiftUpdateCheck = 2610;
				LastUpgradeCheck = 2610;
				TargetAttributes = {
					583451F32F184C040047DC5D = {
						CreatedOnToolsVersion = 26.1.1;
					};
					583452002F184C050047DC5D = {
						CreatedOnToolsVersion = 26.1.1;
						TestTargetID = 583451F32F184C040047DC5D;
					};
					5834520A2F184C050047DC5D = {
						CreatedOnToolsVersion = 26.1.1;
						TestTargetID = 583451F32F184C040047DC5D;
					};
				};
			};
			buildConfigurationList = 583451EF2F184C040047DC5D /* Build configuration list for PBXProject "ChatX509" */;
			developmentRegion = en;
			hasScannedForEncodings = 0;
			knownRegions = (
				en,
				Base,
			);
			mainGroup = 583451EB2F184C040047DC5D;
			minimizedProjectReferenceProxies = 1;
			packageReferences = (
				583458712F184C960047DC5D /* XCRemoteSwiftPackageReference "swift-asn1" */,
			);
			preferredProjectObjectVersion = 77;
			productRefGroup = 583451F52F184C040047DC5D /* Products */;
			projectDirPath = "";
			projectRoot = "";
			targets = (
				583451F32F184C040047DC5D /* ChatX509 */,
				583452002F184C050047DC5D /* ChatX509Tests */,
				5834520A2F184C050047DC5D /* ChatX509UITests */,
			);
		};
/* End PBXProject section */

/* Begin PBXResourcesBuildPhase section */
		583451F22F184C040047DC5D /* Resources */ = {
			isa = PBXResourcesBuildPhase;
			buildActionMask = 2147483647;
			files = (
			);
			runOnlyForDeploymentPostprocessing = 0;
		};
		583451FF2F184C050047DC5D /* Resources */ = {
			isa = PBXResourcesBuildPhase;
			buildActionMask = 2147483647;
			files = (
			);
			runOnlyForDeploymentPostprocessing = 0;
		};
		583452092F184C050047DC5D /* Resources */ = {
			isa = PBXResourcesBuildPhase;
			buildActionMask = 2147483647;
			files = (
			);
			runOnlyForDeploymentPostprocessing = 0;
		};
/* End PBXResourcesBuildPhase section */

/* Begin PBXSourcesBuildPhase section */
		583451F02F184C040047DC5D /* Sources */ = {
			isa = PBXSourcesBuildPhase;
			buildActionMask = 2147483647;
			files = (
			);
			runOnlyForDeploymentPostprocessing = 0;
		};
		583451FD2F184C050047DC5D /* Sources */ = {
			isa = PBXSourcesBuildPhase;
			buildActionMask = 2147483647;
			files = (
			);
			runOnlyForDeploymentPostprocessing = 0;
		};
		583452072F184C050047DC5D /* Sources */ = {
			isa = PBXSourcesBuildPhase;
			buildActionMask = 2147483647;
			files = (
			);
			runOnlyForDeploymentPostprocessing = 0;
		};
/* End PBXSourcesBuildPhase section */

/* Begin PBXTargetDependency section */
		583452032F184C050047DC5D /* PBXTargetDependency */ = {
			isa = PBXTargetDependency;
			target = 583451F32F184C040047DC5D /* ChatX509 */;
			targetProxy = 583452022F184C050047DC5D /* PBXContainerItemProxy */;
		};
		5834520D2F184C050047DC5D /* PBXTargetDependency */ = {
			isa = PBXTargetDependency;
			target = 583451F32F184C040047DC5D /* ChatX509 */;
			targetProxy = 5834520C2F184C050047DC5D /* PBXContainerItemProxy */;
		};
/* End PBXTargetDependency section */

/* Begin XCBuildConfiguration section */
		583452132F184C050047DC5D /* Debug */ = {
			isa = XCBuildConfiguration;
			buildSettings = {
				ALWAYS_SEARCH_USER_PATHS = NO;
				ASSETCATALOG_COMPILER_GENERATE_SWIFT_ASSET_SYMBOL_EXTENSIONS = YES;
				CLANG_ANALYZER_NONNULL = YES;
				CLANG_ANALYZER_NUMBER_OBJECT_CONVERSION = YES_AGGRESSIVE;
				CLANG_CXX_LANGUAGE_STANDARD = "gnu++20";
				CLANG_ENABLE_MODULES = YES;
				CLANG_ENABLE_OBJC_ARC = YES;
				CLANG_ENABLE_OBJC_WEAK = YES;
				CLANG_WARN_BLOCK_CAPTURE_AUTORELEASING = YES;
				CLANG_WARN_BOOL_CONVERSION = YES;
				CLANG_WARN_COMMA = YES;
				CLANG_WARN_CONSTANT_CONVERSION = YES;
				CLANG_WARN_DEPRECATED_OBJC_IMPLEMENTATIONS = YES;
				CLANG_WARN_DIRECT_OBJC_ISA_USAGE = YES_ERROR;
				CLANG_WARN_DOCUMENTATION_COMMENTS = YES;
				CLANG_WARN_EMPTY_BODY = YES;
				CLANG_WARN_ENUM_CONVERSION = YES;
				CLANG_WARN_INFINITE_RECURSION = YES;
				CLANG_WARN_INT_CONVERSION = YES;
				CLANG_WARN_NON_LITERAL_NULL_CONVERSION = YES;
				CLANG_WARN_OBJC_IMPLICIT_RETAIN_SELF = YES;
				CLANG_WARN_OBJC_LITERAL_CONVERSION = YES;
				CLANG_WARN_OBJC_ROOT_CLASS = YES_ERROR;
				CLANG_WARN_QUOTED_INCLUDE_IN_FRAMEWORK_HEADER = YES;
				CLANG_WARN_RANGE_LOOP_ANALYSIS = YES;
				CLANG_WARN_STRICT_PROTOTYPES = YES;
				CLANG_WARN_SUSPICIOUS_MOVE = YES;
				CLANG_WARN_UNGUARDED_AVAILABILITY = YES_AGGRESSIVE;
				CLANG_WARN_UNREACHABLE_CODE = YES;
				CLANG_WARN__DUPLICATE_METHOD_MATCH = YES;
				COPY_PHASE_STRIP = NO;
				DEBUG_INFORMATION_FORMAT = dwarf;
				DEVELOPMENT_TEAM = C379PD94M5;
				ENABLE_STRICT_OBJC_MSGSEND = YES;
				ENABLE_TESTABILITY = YES;
				ENABLE_USER_SCRIPT_SANDBOXING = YES;
				GCC_C_LANGUAGE_STANDARD = gnu17;
				GCC_DYNAMIC_NO_PIC = NO;
				GCC_NO_COMMON_BLOCKS = YES;
				GCC_OPTIMIZATION_LEVEL = 0;
				GCC_PREPROCESSOR_DEFINITIONS = (
					"DEBUG=1",
					"$(inherited)",
				);
				GCC_WARN_64_TO_32_BIT_CONVERSION = YES;
				GCC_WARN_ABOUT_RETURN_TYPE = YES_ERROR;
				GCC_WARN_UNDECLARED_SELECTOR = YES;
				GCC_WARN_UNINITIALIZED_AUTOS = YES_AGGRESSIVE;
				GCC_WARN_UNUSED_FUNCTION = YES;
				GCC_WARN_UNUSED_VARIABLE = YES;
				IPHONEOS_DEPLOYMENT_TARGET = 16.0;
				LOCALIZATION_PREFERS_STRING_CATALOGS = YES;
				MTL_ENABLE_DEBUG_INFO = INCLUDE_SOURCE;
				MTL_FAST_MATH = YES;
				ONLY_ACTIVE_ARCH = YES;
				SDKROOT = iphoneos;
				SWIFT_ACTIVE_COMPILATION_CONDITIONS = "DEBUG $(inherited)";
				SWIFT_OPTIMIZATION_LEVEL = "-Onone";
			};
			name = Debug;
		};
		583452142F184C050047DC5D /* Release */ = {
			isa = XCBuildConfiguration;
			buildSettings = {
				ALWAYS_SEARCH_USER_PATHS = NO;
				ASSETCATALOG_COMPILER_GENERATE_SWIFT_ASSET_SYMBOL_EXTENSIONS = YES;
				CLANG_ANALYZER_NONNULL = YES;
				CLANG_ANALYZER_NUMBER_OBJECT_CONVERSION = YES_AGGRESSIVE;
				CLANG_CXX_LANGUAGE_STANDARD = "gnu++20";
				CLANG_ENABLE_MODULES = YES;
				CLANG_ENABLE_OBJC_ARC = YES;
				CLANG_ENABLE_OBJC_WEAK = YES;
				CLANG_WARN_BLOCK_CAPTURE_AUTORELEASING = YES;
				CLANG_WARN_BOOL_CONVERSION = YES;
				CLANG_WARN_COMMA = YES;
				CLANG_WARN_CONSTANT_CONVERSION = YES;
				CLANG_WARN_DEPRECATED_OBJC_IMPLEMENTATIONS = YES;
				CLANG_WARN_DIRECT_OBJC_ISA_USAGE = YES_ERROR;
				CLANG_WARN_DOCUMENTATION_COMMENTS = YES;
				CLANG_WARN_EMPTY_BODY = YES;
				CLANG_WARN_ENUM_CONVERSION = YES;
				CLANG_WARN_INFINITE_RECURSION = YES;
				CLANG_WARN_INT_CONVERSION = YES;
				CLANG_WARN_NON_LITERAL_NULL_CONVERSION = YES;
				CLANG_WARN_OBJC_IMPLICIT_RETAIN_SELF = YES;
				CLANG_WARN_OBJC_LITERAL_CONVERSION = YES;
				CLANG_WARN_OBJC_ROOT_CLASS = YES_ERROR;
				CLANG_WARN_QUOTED_INCLUDE_IN_FRAMEWORK_HEADER = YES;
				CLANG_WARN_RANGE_LOOP_ANALYSIS = YES;
				CLANG_WARN_STRICT_PROTOTYPES = YES;
				CLANG_WARN_SUSPICIOUS_MOVE = YES;
				CLANG_WARN_UNGUARDED_AVAILABILITY = YES_AGGRESSIVE;
				CLANG_WARN_UNREACHABLE_CODE = YES;
				CLANG_WARN__DUPLICATE_METHOD_MATCH = YES;
				COPY_PHASE_STRIP = NO;
				DEBUG_INFORMATION_FORMAT = "dwarf-with-dsym";
				DEVELOPMENT_TEAM = C379PD94M5;
				ENABLE_NS_ASSERTIONS = NO;
				ENABLE_STRICT_OBJC_MSGSEND = YES;
				ENABLE_USER_SCRIPT_SANDBOXING = YES;
				GCC_C_LANGUAGE_STANDARD = gnu17;
				GCC_NO_COMMON_BLOCKS = YES;
				GCC_WARN_64_TO_32_BIT_CONVERSION = YES;
				GCC_WARN_ABOUT_RETURN_TYPE = YES_ERROR;
				GCC_WARN_UNDECLARED_SELECTOR = YES;
				GCC_WARN_UNINITIALIZED_AUTOS = YES_AGGRESSIVE;
				GCC_WARN_UNUSED_FUNCTION = YES;
				GCC_WARN_UNUSED_VARIABLE = YES;
				IPHONEOS_DEPLOYMENT_TARGET = 16.0;
				LOCALIZATION_PREFERS_STRING_CATALOGS = YES;
				MTL_ENABLE_DEBUG_INFO = NO;
				MTL_FAST_MATH = YES;
				SDKROOT = iphoneos;
				SWIFT_COMPILATION_MODE = wholemodule;
				VALIDATE_PRODUCT = YES;
			};
			name = Release;
		};
		583452162F184C050047DC5D /* Debug */ = {
			isa = XCBuildConfiguration;
			buildSettings = {
				ASSETCATALOG_COMPILER_APPICON_NAME = AppIcon;
				ASSETCATALOG_COMPILER_GLOBAL_ACCENT_COLOR_NAME = AccentColor;
				CODE_SIGN_ENTITLEMENTS = ChatX509.entitlements;
				CODE_SIGN_IDENTITY = "Apple Development";
				CODE_SIGN_STYLE = Automatic;
				CURRENT_PROJECT_VERSION = 1;
				DEVELOPMENT_TEAM = C379PD94M5;
				ENABLE_PREVIEWS = YES;
				GENERATE_INFOPLIST_FILE = YES;
				INFOPLIST_KEY_NSAppleMusicUsageDescription = "";
				INFOPLIST_KEY_NSBonjourServices = "_chatx509._tcp _chatx509._udp";
				INFOPLIST_KEY_NSLocalNetworkUsageDescription = "We use the local network to discover and chat with nearby users.";
				INFOPLIST_KEY_NSMicrophoneUsageDescription = "Need microphone for voice messages";
				INFOPLIST_KEY_NSNearbyInteractionAllowOnceUsageDescription = sdcdsdfsfs;
				INFOPLIST_KEY_UIApplicationSceneManifest_Generation = YES;
				INFOPLIST_KEY_UIApplicationSupportsIndirectInputEvents = YES;
				INFOPLIST_KEY_UILaunchScreen_Generation = YES;
				INFOPLIST_KEY_UISupportedInterfaceOrientations_iPad = "UIInterfaceOrientationPortrait UIInterfaceOrientationPortraitUpsideDown UIInterfaceOrientationLandscapeLeft UIInterfaceOrientationLandscapeRight";
				INFOPLIST_KEY_UISupportedInterfaceOrientations_iPhone = "UIInterfaceOrientationPortrait UIInterfaceOrientationLandscapeLeft UIInterfaceOrientationLandscapeRight";
				LD_RUNPATH_SEARCH_PATHS = (
					"$(inherited)",
					"@executable_path/Frameworks",
				);
				MARKETING_VERSION = 1.0;
				PRODUCT_BUNDLE_IDENTIFIER = dev.horobets.x509;
				PRODUCT_NAME = "$(TARGET_NAME)";
				PROVISIONING_PROFILE_SPECIFIER = "";
				STRING_CATALOG_GENERATE_SYMBOLS = YES;
				SUPPORTS_MACCATALYST = YES;
				SUPPORTS_MAC_DESIGNED_FOR_IPHONE_IPAD = YES;
				SWIFT_APPROACHABLE_CONCURRENCY = YES;
				SWIFT_DEFAULT_ACTOR_ISOLATION = MainActor;
				SWIFT_EMIT_LOC_STRINGS = YES;
				SWIFT_UPCOMING_FEATURE_MEMBER_IMPORT_VISIBILITY = YES;
				SWIFT_VERSION = 5.0;
				TARGETED_DEVICE_FAMILY = "1,2";
			};
			name = Debug;
		};
		583452172F184C050047DC5D /* Release */ = {
			isa = XCBuildConfiguration;
			buildSettings = {
				ASSETCATALOG_COMPILER_APPICON_NAME = AppIcon;
				ASSETCATALOG_COMPILER_GLOBAL_ACCENT_COLOR_NAME = AccentColor;
				CODE_SIGN_ENTITLEMENTS = ChatX509.entitlements;
				CODE_SIGN_IDENTITY = "Apple Development";
				CODE_SIGN_STYLE = Automatic;
				CURRENT_PROJECT_VERSION = 1;
				DEVELOPMENT_TEAM = C379PD94M5;
				ENABLE_PREVIEWS = YES;
				GENERATE_INFOPLIST_FILE = YES;
				INFOPLIST_KEY_NSAppleMusicUsageDescription = "";
				INFOPLIST_KEY_NSBonjourServices = "_chatx509._tcp _chatx509._udp";
				INFOPLIST_KEY_NSLocalNetworkUsageDescription = "We use the local network to discover and chat with nearby users.";
				INFOPLIST_KEY_NSMicrophoneUsageDescription = "Need microphone for voice messages";
				INFOPLIST_KEY_NSNearbyInteractionAllowOnceUsageDescription = sdcdsdfsfs;
				INFOPLIST_KEY_UIApplicationSceneManifest_Generation = YES;
				INFOPLIST_KEY_UIApplicationSupportsIndirectInputEvents = YES;
				INFOPLIST_KEY_UILaunchScreen_Generation = YES;
				INFOPLIST_KEY_UISupportedInterfaceOrientations_iPad = "UIInterfaceOrientationPortrait UIInterfaceOrientationPortraitUpsideDown UIInterfaceOrientationLandscapeLeft UIInterfaceOrientationLandscapeRight";
				INFOPLIST_KEY_UISupportedInterfaceOrientations_iPhone = "UIInterfaceOrientationPortrait UIInterfaceOrientationLandscapeLeft UIInterfaceOrientationLandscapeRight";
				LD_RUNPATH_SEARCH_PATHS = (
					"$(inherited)",
					"@executable_path/Frameworks",
				);
				MARKETING_VERSION = 1.0;
				PRODUCT_BUNDLE_IDENTIFIER = dev.horobets.x509;
				PRODUCT_NAME = "$(TARGET_NAME)";
				PROVISIONING_PROFILE_SPECIFIER = "";
				STRING_CATALOG_GENERATE_SYMBOLS = YES;
				SUPPORTS_MACCATALYST = YES;
				SUPPORTS_MAC_DESIGNED_FOR_IPHONE_IPAD = YES;
				SWIFT_APPROACHABLE_CONCURRENCY = YES;
				SWIFT_DEFAULT_ACTOR_ISOLATION = MainActor;
				SWIFT_EMIT_LOC_STRINGS = YES;
				SWIFT_UPCOMING_FEATURE_MEMBER_IMPORT_VISIBILITY = YES;
				SWIFT_VERSION = 5.0;
				TARGETED_DEVICE_FAMILY = "1,2";
			};
			name = Release;
		};
		583452192F184C050047DC5D /* Debug */ = {
			isa = XCBuildConfiguration;
			buildSettings = {
				BUNDLE_LOADER = "$(TEST_HOST)";
				CODE_SIGN_STYLE = Automatic;
				CURRENT_PROJECT_VERSION = 1;
				DEVELOPMENT_TEAM = C379PD94M5;
				GENERATE_INFOPLIST_FILE = YES;
				IPHONEOS_DEPLOYMENT_TARGET = 16.0;
				MARKETING_VERSION = 1.0;
				PRODUCT_BUNDLE_IDENTIFIER = dev.horobets.ChatX509Tests;
				PRODUCT_NAME = "$(TARGET_NAME)";
				STRING_CATALOG_GENERATE_SYMBOLS = NO;
				SWIFT_APPROACHABLE_CONCURRENCY = YES;
				SWIFT_EMIT_LOC_STRINGS = NO;
				SWIFT_UPCOMING_FEATURE_MEMBER_IMPORT_VISIBILITY = YES;
				SWIFT_VERSION = 5.0;
				TARGETED_DEVICE_FAMILY = "1,2";
				TEST_HOST = "$(BUILT_PRODUCTS_DIR)/ChatX509.app/$(BUNDLE_EXECUTABLE_FOLDER_PATH)/ChatX509";
			};
			name = Debug;
		};
		5834521A2F184C050047DC5D /* Release */ = {
			isa = XCBuildConfiguration;
			buildSettings = {
				BUNDLE_LOADER = "$(TEST_HOST)";
				CODE_SIGN_STYLE = Automatic;
				CURRENT_PROJECT_VERSION = 1;
				DEVELOPMENT_TEAM = C379PD94M5;
				GENERATE_INFOPLIST_FILE = YES;
				IPHONEOS_DEPLOYMENT_TARGET = 16.0;
				MARKETING_VERSION = 1.0;
				PRODUCT_BUNDLE_IDENTIFIER = dev.horobets.ChatX509Tests;
				PRODUCT_NAME = "$(TARGET_NAME)";
				STRING_CATALOG_GENERATE_SYMBOLS = NO;
				SWIFT_APPROACHABLE_CONCURRENCY = YES;
				SWIFT_EMIT_LOC_STRINGS = NO;
				SWIFT_UPCOMING_FEATURE_MEMBER_IMPORT_VISIBILITY = YES;
				SWIFT_VERSION = 5.0;
				TARGETED_DEVICE_FAMILY = "1,2";
				TEST_HOST = "$(BUILT_PRODUCTS_DIR)/ChatX509.app/$(BUNDLE_EXECUTABLE_FOLDER_PATH)/ChatX509";
			};
			name = Release;
		};
		5834521C2F184C050047DC5D /* Debug */ = {
			isa = XCBuildConfiguration;
			buildSettings = {
				CODE_SIGN_STYLE = Automatic;
				CURRENT_PROJECT_VERSION = 1;
				DEVELOPMENT_TEAM = C379PD94M5;
				GENERATE_INFOPLIST_FILE = YES;
				MARKETING_VERSION = 1.0;
				PRODUCT_BUNDLE_IDENTIFIER = dev.horobets.ChatX509UITests;
				PRODUCT_NAME = "$(TARGET_NAME)";
				STRING_CATALOG_GENERATE_SYMBOLS = NO;
				SWIFT_APPROACHABLE_CONCURRENCY = YES;
				SWIFT_EMIT_LOC_STRINGS = NO;
				SWIFT_UPCOMING_FEATURE_MEMBER_IMPORT_VISIBILITY = YES;
				SWIFT_VERSION = 5.0;
				TARGETED_DEVICE_FAMILY = "1,2";
				TEST_TARGET_NAME = ChatX509;
			};
			name = Debug;
		};
		5834521D2F184C050047DC5D /* Release */ = {
			isa = XCBuildConfiguration;
			buildSettings = {
				CODE_SIGN_STYLE = Automatic;
				CURRENT_PROJECT_VERSION = 1;
				DEVELOPMENT_TEAM = C379PD94M5;
				GENERATE_INFOPLIST_FILE = YES;
				MARKETING_VERSION = 1.0;
				PRODUCT_BUNDLE_IDENTIFIER = dev.horobets.ChatX509UITests;
				PRODUCT_NAME = "$(TARGET_NAME)";
				STRING_CATALOG_GENERATE_SYMBOLS = NO;
				SWIFT_APPROACHABLE_CONCURRENCY = YES;
				SWIFT_EMIT_LOC_STRINGS = NO;
				SWIFT_UPCOMING_FEATURE_MEMBER_IMPORT_VISIBILITY = YES;
				SWIFT_VERSION = 5.0;
				TARGETED_DEVICE_FAMILY = "1,2";
				TEST_TARGET_NAME = ChatX509;
			};
			name = Release;
		};
/* End XCBuildConfiguration section */

/* Begin XCConfigurationList section */
		583451EF2F184C040047DC5D /* Build configuration list for PBXProject "ChatX509" */ = {
			isa = XCConfigurationList;
			buildConfigurations = (
				583452132F184C050047DC5D /* Debug */,
				583452142F184C050047DC5D /* Release */,
			);
			defaultConfigurationIsVisible = 0;
			defaultConfigurationName = Release;
		};
		583452152F184C050047DC5D /* Build configuration list for PBXNativeTarget "ChatX509" */ = {
			isa = XCConfigurationList;
			buildConfigurations = (
				583452162F184C050047DC5D /* Debug */,
				583452172F184C050047DC5D /* Release */,
			);
			defaultConfigurationIsVisible = 0;
			defaultConfigurationName = Release;
		};
		583452182F184C050047DC5D /* Build configuration list for PBXNativeTarget "ChatX509Tests" */ = {
			isa = XCConfigurationList;
			buildConfigurations = (
				583452192F184C050047DC5D /* Debug */,
				5834521A2F184C050047DC5D /* Release */,
			);
			defaultConfigurationIsVisible = 0;
			defaultConfigurationName = Release;
		};
		5834521B2F184C050047DC5D /* Build configuration list for PBXNativeTarget "ChatX509UITests" */ = {
			isa = XCConfigurationList;
			buildConfigurations = (
				5834521C2F184C050047DC5D /* Debug */,
				5834521D2F184C050047DC5D /* Release */,
			);
			defaultConfigurationIsVisible = 0;
			defaultConfigurationName = Release;
		};
/* End XCConfigurationList section */

/* Begin XCRemoteSwiftPackageReference section */
		583458712F184C960047DC5D /* XCRemoteSwiftPackageReference "swift-asn1" */ = {
			isa = XCRemoteSwiftPackageReference;
			repositoryURL = "https://github.com/apple/swift-asn1.git";
			requirement = {
				kind = upToNextMajorVersion;
				minimumVersion = 1.5.1;
			};
		};
/* End XCRemoteSwiftPackageReference section */

/* Begin XCSwiftPackageProductDependency section */
		583458722F184D490047DC5D /* SwiftASN1 */ = {
			isa = XCSwiftPackageProductDependency;
			package = 583458712F184C960047DC5D /* XCRemoteSwiftPackageReference "swift-asn1" */;
			productName = SwiftASN1;
		};
/* End XCSwiftPackageProductDependency section */
	};
	rootObject = 583451EC2F184C040047DC5D /* Project object */;
}
